<?xml version="1.0" encoding="utf-8"?>
<Project ToolsVersion="4.0" xmlns="http://schemas.microsoft.com/developer/msbuild/2003">
  <ItemGroup>
    <Filter Include="源文件">
      <UniqueIdentifier>{4FC737F1-C7A5-4376-A066-2A32D752A2FF}</UniqueIdentifier>
      <Extensions>cpp;c;cc;cxx;def;odl;idl;hpj;bat;asm;asmx</Extensions>
    </Filter>
    <Filter Include="头文件">
      <UniqueIdentifier>{93995380-89BD-4b04-88EB-625FBE52EBFB}</UniqueIdentifier>
      <Extensions>h;hpp;hxx;hm;inl;inc;xsd</Extensions>
    </Filter>
    <Filter Include="资源文件">
      <UniqueIdentifier>{67DA6AB6-F800-4c08-8B7A-83BB121AAD01}</UniqueIdentifier>
      <Extensions>rc;ico;cur;bmp;dlg;rc2;rct;bin;rgs;gif;jpg;jpeg;jpe;resx;tiff;tif;png;wav;mfcribbon-ms</Extensions>
    </Filter>
    <Filter Include="3rdpart">
      <UniqueIdentifier>{00ca3f75-69f0-44a1-9bf8-2ce67002b327}</UniqueIdentifier>
    </Filter>
    <Filter Include="3rdpart\jencrypt">
      <UniqueIdentifier>{50cf443b-d92a-4b0b-a98b-f4e87f0a50b9}</UniqueIdentifier>
    </Filter>
  </ItemGroup>
  <ItemGroup>
    <None Include="ReadMe.txt" />
    <None Include="res\ICDKG.rc2">
      <Filter>资源文件</Filter>
    </None>
    <None Include="res\ICDKG.ico">
      <Filter>资源文件</Filter>
    </None>
    <None Include="res\startup.bmp">
      <Filter>资源文件</Filter>
    </None>
  </ItemGroup>
  <ItemGroup>
    <ClInclude Include="ICDKG.h">
      <Filter>头文件</Filter>
    </ClInclude>
    <ClInclude Include="ICDKGDlg.h">
      <Filter>头文件</Filter>
    </ClInclude>
    <ClInclude Include="stdafx.h">
      <Filter>头文件</Filter>
    </ClInclude>
    <ClInclude Include="targetver.h">
      <Filter>头文件</Filter>
    </ClInclude>
    <ClInclude Include="Resource.h">
      <Filter>头文件</Filter>
    </ClInclude>
    <ClInclude Include="..\3rdpart\jencrypt\jbiosinfo.h">
      <Filter>3rdpart\jencrypt</Filter>
    </ClInclude>
    <ClInclude Include="..\3rdpart\jencrypt\jcpuid.h">
      <Filter>3rdpart\jencrypt</Filter>
    </ClInclude>
    <ClInclude Include="..\3rdpart\jencrypt\jdes.h">
      <Filter>3rdpart\jencrypt</Filter>
    </ClInclude>
    <ClInclude Include="..\3rdpart\jencrypt\jdiskserial.h">
      <Filter>3rdpart\jencrypt</Filter>
    </ClInclude>
    <ClInclude Include="..\3rdpart\jencrypt\jencrypt_global.h">
      <Filter>3rdpart\jencrypt</Filter>
    </ClInclude>
    <ClInclude Include="..\3rdpart\jencrypt\jencrypt_inc.h">
      <Filter>3rdpart\jencrypt</Filter>
    </ClInclude>
    <ClInclude Include="..\3rdpart\jencrypt\jmacaddress.h">
      <Filter>3rdpart\jencrypt</Filter>
    </ClInclude>
    <ClInclude Include="..\3rdpart\jencrypt\jmd5.h">
      <Filter>3rdpart\jencrypt</Filter>
    </ClInclude>
  </ItemGroup>
  <ItemGroup>
    <ClCompile Include="ICDKG.cpp">
      <Filter>源文件</Filter>
    </ClCompile>
    <ClCompile Include="ICDKGDlg.cpp">
      <Filter>源文件</Filter>
    </ClCompile>
    <ClCompile Include="stdafx.cpp">
      <Filter>源文件</Filter>
    </ClCompile>
    <ClCompile Include="..\3rdpart\jencrypt\jbiosinfo.cpp">
      <Filter>3rdpart\jencrypt</Filter>
    </ClCompile>
    <ClCompile Include="..\3rdpart\jencrypt\jcpuid.cpp">
      <Filter>3rdpart\jencrypt</Filter>
    </ClCompile>
    <ClCompile Include="..\3rdpart\jencrypt\jdes.cpp">
      <Filter>3rdpart\jencrypt</Filter>
    </ClCompile>
    <ClCompile Include="..\3rdpart\jencrypt\jdiskserial.cpp">
      <Filter>3rdpart\jencrypt</Filter>
    </ClCompile>
    <ClCompile Include="..\3rdpart\jencrypt\jmacaddress.cpp">
      <Filter>3rdpart\jencrypt</Filter>
    </ClCompile>
    <ClCompile Include="..\3rdpart\jencrypt\jmd5.cpp">
      <Filter>3rdpart\jencrypt</Filter>
    </ClCompile>
  </ItemGroup>
  <ItemGroup>
    <ResourceCompile Include="ICDKG.rc">
      <Filter>资源文件</Filter>
    </ResourceCompile>
  </ItemGroup>
</Project>